Microsoft Visual Studio Solution File, Format Version 11.00
# Visual Studio 2008

Project("{BA1362BD-426D-4752-580D-BB6D4EECEA7F}") = "Road Fighter", "Assembly-CSharp.csproj", "{369079BB-1263-1BB5-B5F3-BC7224C10D23}"
EndProject
Global
	GlobalSection(SolutionConfigurationPlatforms) = preSolution
		Debug|Any CPU = Debug|Any CPU
		Release|Any CPU = Release|Any CPU
	EndGlobalSection
	GlobalSection(ProjectConfigurationPlatforms) = postSolution
		{369079BB-1263-1BB5-B5F3-BC7224C10D23}.Debug|Any CPU.ActiveCfg = Debug|Any CPU
		{369079BB-1263-1BB5-B5F3-BC7224C10D23}.Debug|Any CPU.Build.0 = Debug|Any CPU
		{369079BB-1263-1BB5-B5F3-BC7224C10D23}.Release|Any CPU.ActiveCfg = Release|Any CPU
		{369079BB-1263-1BB5-B5F3-BC7224C10D23}.Release|Any CPU.Build.0 = Release|Any CPU
	EndGlobalSection
	GlobalSection(SolutionProperties) = preSolution
		HideSolutionNode = FALSE
	EndGlobalSection
	GlobalSection(MonoDevelopProperties) = preSolution
		StartupItem = Assembly-CSharp.csproj
	EndGlobalSection
EndGlobal
